{
  "name": "vexflow-mouse-events",
  "version": "0.0.1",
  "lockfileVersion": 1,
  "requires": true,
  "dependencies": {
    "@types/vexflow": {
      "version": "3.0.1",
      "resolved": "https://registry.npmjs.org/@types/vexflow/-/vexflow-3.0.1.tgz",
      "integrity": "sha512-uocoyb4hjVJ2sBsf7Oe4gGrwOaCohGsRV6zGOmJOFUrM8iI3OkQjNS2wDjt6gCo3Kg6tf3mRNnqnDFK57TZHZA=="
    },
    "vexflow": {
      "version": "3.0.9",
      "resolved": "https://registry.npmjs.org/vexflow/-/vexflow-3.0.9.tgz",
      "integrity": "sha512-JzDUC3SZvyRxvALv0UrlgCJSH7WzNSShNjXK0rTWqDJscCcytrTWLT3LYtsDvby8qbszdaD708xOe9D79FLTFA=="
    }
  }
}
