# THIS IS AN AUTOGENERATED FILE. DO NOT EDIT THIS FILE DIRECTLY.
# yarn lockfile v1


"@types/vexflow@^3.0.0":
  version "3.0.0"
  resolved "https://registry.yarnpkg.com/@types/vexflow/-/vexflow-3.0.0.tgz#f13ce2a6c8721c22c6ea109e7f4b9ad9776065b9"
  integrity sha512-53QdJHpx5zf+lHW0vXfgugPTK7PSMlUl/jKl2fHmagmLQyUHl+59tSPGO1NjYN2+QKkPtwCc7KMI/YLzzuHrmA==

vexflow@^3.0.9:
  version "3.0.9"
  resolved "https://registry.yarnpkg.com/vexflow/-/vexflow-3.0.9.tgz#85bc89ae5224670d3837d0b34c521b9e69abc89c"
  integrity sha512-JzDUC3SZvyRxvALv0UrlgCJSH7WzNSShNjXK0rTWqDJscCcytrTWLT3LYtsDvby8qbszdaD708xOe9D79FLTFA==
